<?xml version="1.0" encoding="utf-8"?>
<Project ToolsVersion="4.0" xmlns="http://schemas.microsoft.com/developer/msbuild/2003">
  <ItemGroup>
    <Filter Include="GameData">
      <UniqueIdentifier>{e71087fb-6c0e-4600-9d68-b6c62ab48a57}</UniqueIdentifier>
    </Filter>
    <Filter Include="MainLoop">
      <UniqueIdentifier>{4FC737F1-C7A5-4376-A066-2A32D752A2FF}</UniqueIdentifier>
      <Extensions>cpp;c;cc;cxx;def;odl;idl;hpj;bat;asm;asmx</Extensions>
    </Filter>
    <Filter Include="GameLogic">
      <UniqueIdentifier>{6ce46d06-389d-4a5c-b373-dc6772af3f77}</UniqueIdentifier>
    </Filter>
    <Filter Include="GameData\Characters">
      <UniqueIdentifier>{e4950e36-4851-49e7-bdef-db5c4f21c550}</UniqueIdentifier>
    </Filter>
    <Filter Include="GameData\Item">
      <UniqueIdentifier>{536819db-3563-49a2-870b-c9c33de69c7e}</UniqueIdentifier>
    </Filter>
    <Filter Include="GameData\Skill">
      <UniqueIdentifier>{88c63cf4-b8e2-4a95-be27-127ca0e14d94}</UniqueIdentifier>
    </Filter>
    <Filter Include="GameData\GameMap">
      <UniqueIdentifier>{34e41c14-27cc-4848-a7cf-1d53d663509e}</UniqueIdentifier>
    </Filter>
    <Filter Include="ThirdParty">
      <UniqueIdentifier>{eeb10f16-f2e2-4c3b-88fd-1b11e9e7354e}</UniqueIdentifier>
    </Filter>
    <Filter Include="ThirdParty\tinyXML">
      <UniqueIdentifier>{45174253-15b3-460e-b5e9-2d97fbb326e7}</UniqueIdentifier>
    </Filter>
  </ItemGroup>
  <ItemGroup>
    <Text Include="ReadMe.txt" />
  </ItemGroup>
  <ItemGroup>
    <ClInclude Include="targetver.h">
      <Filter>MainLoop</Filter>
    </ClInclude>
    <ClInclude Include="stdafx.h">
      <Filter>MainLoop</Filter>
    </ClInclude>
    <ClInclude Include="config.h">
      <Filter>GameData</Filter>
    </ClInclude>
    <ClInclude Include="GameMaster.h">
      <Filter>GameLogic</Filter>
    </ClInclude>
    <ClInclude Include="GameInput.h">
      <Filter>GameLogic</Filter>
    </ClInclude>
    <ClInclude Include="Character.h">
      <Filter>GameData\Characters</Filter>
    </ClInclude>
    <ClInclude Include="Monster.h">
      <Filter>GameData\Characters</Filter>
    </ClInclude>
    <ClInclude Include="Player.h">
      <Filter>GameData\Characters</Filter>
    </ClInclude>
    <ClInclude Include="Item.h">
      <Filter>GameData\Item</Filter>
    </ClInclude>
    <ClInclude Include="Skill.h">
      <Filter>GameData\Skill</Filter>
    </ClInclude>
    <ClInclude Include="GameMap.h">
      <Filter>GameData\GameMap</Filter>
    </ClInclude>
    <ClInclude Include="MapTile.h">
      <Filter>GameData\GameMap</Filter>
    </ClInclude>
    <ClInclude Include="Help.h">
      <Filter>GameLogic</Filter>
    </ClInclude>
    <ClInclude Include="Timer.h">
      <Filter>GameLogic</Filter>
    </ClInclude>
    <ClInclude Include="tinyXML\tinystr.h">
      <Filter>ThirdParty\tinyXML</Filter>
    </ClInclude>
    <ClInclude Include="tinyXML\tinyxml.h">
      <Filter>ThirdParty\tinyXML</Filter>
    </ClInclude>
  </ItemGroup>
  <ItemGroup>
    <ClCompile Include="stdafx.cpp">
      <Filter>MainLoop</Filter>
    </ClCompile>
    <ClCompile Include="SUDGame.cpp">
      <Filter>MainLoop</Filter>
    </ClCompile>
    <ClCompile Include="GameMaster.cpp">
      <Filter>GameLogic</Filter>
    </ClCompile>
    <ClCompile Include="GameInput.cpp">
      <Filter>GameLogic</Filter>
    </ClCompile>
    <ClCompile Include="Character.cpp">
      <Filter>GameData\Characters</Filter>
    </ClCompile>
    <ClCompile Include="Monster.cpp">
      <Filter>GameData\Characters</Filter>
    </ClCompile>
    <ClCompile Include="Player.cpp">
      <Filter>GameData\Characters</Filter>
    </ClCompile>
    <ClCompile Include="Item.cpp">
      <Filter>GameData\Item</Filter>
    </ClCompile>
    <ClCompile Include="Skill.cpp">
      <Filter>GameData\Skill</Filter>
    </ClCompile>
    <ClCompile Include="GameMap.cpp">
      <Filter>GameData\GameMap</Filter>
    </ClCompile>
    <ClCompile Include="MapTile.cpp">
      <Filter>GameData\GameMap</Filter>
    </ClCompile>
    <ClCompile Include="Help.cpp">
      <Filter>GameLogic</Filter>
    </ClCompile>
    <ClCompile Include="Timer.cpp">
      <Filter>GameLogic</Filter>
    </ClCompile>
    <ClCompile Include="tinyXML\tinystr.cpp">
      <Filter>ThirdParty\tinyXML</Filter>
    </ClCompile>
    <ClCompile Include="tinyXML\tinyxml.cpp">
      <Filter>ThirdParty\tinyXML</Filter>
    </ClCompile>
    <ClCompile Include="tinyXML\tinyxmlerror.cpp">
      <Filter>ThirdParty\tinyXML</Filter>
    </ClCompile>
    <ClCompile Include="tinyXML\tinyxmlparser.cpp">
      <Filter>ThirdParty\tinyXML</Filter>
    </ClCompile>
  </ItemGroup>
</Project>